
Microsoft Visual Studio Solution File, Format Version 12.00
# Visual Studio 2013
VisualStudioVersion = 12.0.40629.0
MinimumVisualStudioVersion = 10.0.40219.1
Project("{FAE04EC0-301F-11D3-BF4B-00C04F79EFBC}") = "1.SimpleFactory", "SimpleFactory\1.SimpleFactory.csproj", "{4EF3A3A1-F4BA-4717-B98B-AB0C276EC6EE}"
EndProject
Project("{FAE04EC0-301F-11D3-BF4B-00C04F79EFBC}") = "2.Strategy", "Strategy\2.Strategy.csproj", "{29FD86F5-250A-4422-83D6-86C4B3A7BDE8}"
EndProject
Project("{FAE04EC0-301F-11D3-BF4B-00C04F79EFBC}") = "3.Decorator", "Decorator\3.Decorator.csproj", "{9BDBCE3E-DD20-4B35-A924-4AD4BDACCC7B}"
EndProject
Project("{FAE04EC0-301F-11D3-BF4B-00C04F79EFBC}") = "4.Proxy", "Proxy\4.Proxy.csproj", "{266A74FD-F54C-44BE-8E4C-17D76FF0A296}"
EndProject
Project("{FAE04EC0-301F-11D3-BF4B-00C04F79EFBC}") = "5.FactoryMethod", "FactoryMethod\5.FactoryMethod.csproj", "{F0C48D48-BB1B-4840-956F-29FFC0C3AE70}"
EndProject
Project("{FAE04EC0-301F-11D3-BF4B-00C04F79EFBC}") = "6.Prototype", "Prototype\6.Prototype.csproj", "{8D78CE1B-93D2-4B8A-97E4-60802CE24EE8}"
EndProject
Project("{FAE04EC0-301F-11D3-BF4B-00C04F79EFBC}") = "7.TemplateMethod", "TemplateMethod\7.TemplateMethod.csproj", "{4B0E65E8-A73F-4046-B93F-A1121D9E52DB}"
EndProject
Project("{FAE04EC0-301F-11D3-BF4B-00C04F79EFBC}") = "8.Facade", "Facade\8.Facade.csproj", "{BF6353E8-15F2-43B1-9121-0F261FFA39A9}"
EndProject
Project("{FAE04EC0-301F-11D3-BF4B-00C04F79EFBC}") = "9.Builder", "Builder\9.Builder.csproj", "{641BC7D1-C308-4534-8343-F87672B2E2E3}"
EndProject
Project("{FAE04EC0-301F-11D3-BF4B-00C04F79EFBC}") = "10.Observer", "Observer\10.Observer.csproj", "{864F7895-1E72-4595-A207-4F5303434217}"
EndProject
Project("{FAE04EC0-301F-11D3-BF4B-00C04F79EFBC}") = "11.AbstractFactory", "AbstractFactory\11.AbstractFactory.csproj", "{DBB109BB-CE76-4EE0-A464-07FB5484975D}"
EndProject
Project("{FAE04EC0-301F-11D3-BF4B-00C04F79EFBC}") = "12.State", "State\12.State.csproj", "{4F5A0159-AD82-4F00-A5B5-435A04ADF778}"
EndProject
Project("{FAE04EC0-301F-11D3-BF4B-00C04F79EFBC}") = "13.Adapter", "Adapter\13.Adapter.csproj", "{90E1B686-DF49-4E3C-BE4F-611BB1E1E367}"
EndProject
Project("{FAE04EC0-301F-11D3-BF4B-00C04F79EFBC}") = "14.Memento", "Memento\14.Memento.csproj", "{7B1E68BB-523B-428A-B225-B1A9DBD1B66F}"
EndProject
Project("{FAE04EC0-301F-11D3-BF4B-00C04F79EFBC}") = "15.Composite", "Composite\15.Composite.csproj", "{81D111C9-B816-45AC-AB44-EA72A40CE55D}"
EndProject
Project("{FAE04EC0-301F-11D3-BF4B-00C04F79EFBC}") = "16.Iterator", "Iterator\16.Iterator.csproj", "{5B10E5F2-17D6-4732-8F09-F48DE6F90C55}"
EndProject
Project("{FAE04EC0-301F-11D3-BF4B-00C04F79EFBC}") = "17.Singleton", "Singleton\17.Singleton.csproj", "{841D1A7C-C577-4C59-9962-6B63D1A50B12}"
EndProject
Project("{FAE04EC0-301F-11D3-BF4B-00C04F79EFBC}") = "18.Bridge", "Bridge\18.Bridge.csproj", "{8AD31C82-A33A-4F4F-8393-41ABCC744745}"
EndProject
Project("{FAE04EC0-301F-11D3-BF4B-00C04F79EFBC}") = "19.Command", "Command\19.Command.csproj", "{B38D7B6A-E8FF-4930-ABBC-0B842CA65AC6}"
EndProject
Project("{FAE04EC0-301F-11D3-BF4B-00C04F79EFBC}") = "20.Responsibility", "Responsibility\20.Responsibility.csproj", "{F68225FB-37C0-4EBB-A763-76044DE03AED}"
EndProject
Project("{FAE04EC0-301F-11D3-BF4B-00C04F79EFBC}") = "21.Mediator", "Mediator\21.Mediator.csproj", "{B17FE3A1-163C-45E0-B527-D5DB0AE4A0FA}"
EndProject
Project("{FAE04EC0-301F-11D3-BF4B-00C04F79EFBC}") = "22.Flyweight", "Flyweight\22.Flyweight.csproj", "{1361F544-BB33-442B-82C4-057394AD2ED8}"
EndProject
Global
	GlobalSection(SolutionConfigurationPlatforms) = preSolution
		Debug|Any CPU = Debug|Any CPU
		Release|Any CPU = Release|Any CPU
	EndGlobalSection
	GlobalSection(ProjectConfigurationPlatforms) = postSolution
		{4EF3A3A1-F4BA-4717-B98B-AB0C276EC6EE}.Debug|Any CPU.ActiveCfg = Debug|Any CPU
		{4EF3A3A1-F4BA-4717-B98B-AB0C276EC6EE}.Debug|Any CPU.Build.0 = Debug|Any CPU
		{4EF3A3A1-F4BA-4717-B98B-AB0C276EC6EE}.Release|Any CPU.ActiveCfg = Release|Any CPU
		{4EF3A3A1-F4BA-4717-B98B-AB0C276EC6EE}.Release|Any CPU.Build.0 = Release|Any CPU
		{29FD86F5-250A-4422-83D6-86C4B3A7BDE8}.Debug|Any CPU.ActiveCfg = Debug|Any CPU
		{29FD86F5-250A-4422-83D6-86C4B3A7BDE8}.Debug|Any CPU.Build.0 = Debug|Any CPU
		{29FD86F5-250A-4422-83D6-86C4B3A7BDE8}.Release|Any CPU.ActiveCfg = Release|Any CPU
		{29FD86F5-250A-4422-83D6-86C4B3A7BDE8}.Release|Any CPU.Build.0 = Release|Any CPU
		{9BDBCE3E-DD20-4B35-A924-4AD4BDACCC7B}.Debug|Any CPU.ActiveCfg = Debug|Any CPU
		{9BDBCE3E-DD20-4B35-A924-4AD4BDACCC7B}.Debug|Any CPU.Build.0 = Debug|Any CPU
		{9BDBCE3E-DD20-4B35-A924-4AD4BDACCC7B}.Release|Any CPU.ActiveCfg = Release|Any CPU
		{9BDBCE3E-DD20-4B35-A924-4AD4BDACCC7B}.Release|Any CPU.Build.0 = Release|Any CPU
		{266A74FD-F54C-44BE-8E4C-17D76FF0A296}.Debug|Any CPU.ActiveCfg = Debug|Any CPU
		{266A74FD-F54C-44BE-8E4C-17D76FF0A296}.Debug|Any CPU.Build.0 = Debug|Any CPU
		{266A74FD-F54C-44BE-8E4C-17D76FF0A296}.Release|Any CPU.ActiveCfg = Release|Any CPU
		{266A74FD-F54C-44BE-8E4C-17D76FF0A296}.Release|Any CPU.Build.0 = Release|Any CPU
		{F0C48D48-BB1B-4840-956F-29FFC0C3AE70}.Debug|Any CPU.ActiveCfg = Debug|Any CPU
		{F0C48D48-BB1B-4840-956F-29FFC0C3AE70}.Debug|Any CPU.Build.0 = Debug|Any CPU
		{F0C48D48-BB1B-4840-956F-29FFC0C3AE70}.Release|Any CPU.ActiveCfg = Release|Any CPU
		{F0C48D48-BB1B-4840-956F-29FFC0C3AE70}.Release|Any CPU.Build.0 = Release|Any CPU
		{8D78CE1B-93D2-4B8A-97E4-60802CE24EE8}.Debug|Any CPU.ActiveCfg = Debug|Any CPU
		{8D78CE1B-93D2-4B8A-97E4-60802CE24EE8}.Debug|Any CPU.Build.0 = Debug|Any CPU
		{8D78CE1B-93D2-4B8A-97E4-60802CE24EE8}.Release|Any CPU.ActiveCfg = Release|Any CPU
		{8D78CE1B-93D2-4B8A-97E4-60802CE24EE8}.Release|Any CPU.Build.0 = Release|Any CPU
		{4B0E65E8-A73F-4046-B93F-A1121D9E52DB}.Debug|Any CPU.ActiveCfg = Debug|Any CPU
		{4B0E65E8-A73F-4046-B93F-A1121D9E52DB}.Debug|Any CPU.Build.0 = Debug|Any CPU
		{4B0E65E8-A73F-4046-B93F-A1121D9E52DB}.Release|Any CPU.ActiveCfg = Release|Any CPU
		{4B0E65E8-A73F-4046-B93F-A1121D9E52DB}.Release|Any CPU.Build.0 = Release|Any CPU
		{BF6353E8-15F2-43B1-9121-0F261FFA39A9}.Debug|Any CPU.ActiveCfg = Debug|Any CPU
		{BF6353E8-15F2-43B1-9121-0F261FFA39A9}.Debug|Any CPU.Build.0 = Debug|Any CPU
		{BF6353E8-15F2-43B1-9121-0F261FFA39A9}.Release|Any CPU.ActiveCfg = Release|Any CPU
		{BF6353E8-15F2-43B1-9121-0F261FFA39A9}.Release|Any CPU.Build.0 = Release|Any CPU
		{641BC7D1-C308-4534-8343-F87672B2E2E3}.Debug|Any CPU.ActiveCfg = Debug|Any CPU
		{641BC7D1-C308-4534-8343-F87672B2E2E3}.Debug|Any CPU.Build.0 = Debug|Any CPU
		{641BC7D1-C308-4534-8343-F87672B2E2E3}.Release|Any CPU.ActiveCfg = Release|Any CPU
		{641BC7D1-C308-4534-8343-F87672B2E2E3}.Release|Any CPU.Build.0 = Release|Any CPU
		{864F7895-1E72-4595-A207-4F5303434217}.Debug|Any CPU.ActiveCfg = Debug|Any CPU
		{864F7895-1E72-4595-A207-4F5303434217}.Debug|Any CPU.Build.0 = Debug|Any CPU
		{864F7895-1E72-4595-A207-4F5303434217}.Release|Any CPU.ActiveCfg = Release|Any CPU
		{864F7895-1E72-4595-A207-4F5303434217}.Release|Any CPU.Build.0 = Release|Any CPU
		{DBB109BB-CE76-4EE0-A464-07FB5484975D}.Debug|Any CPU.ActiveCfg = Debug|Any CPU
		{DBB109BB-CE76-4EE0-A464-07FB5484975D}.Debug|Any CPU.Build.0 = Debug|Any CPU
		{DBB109BB-CE76-4EE0-A464-07FB5484975D}.Release|Any CPU.ActiveCfg = Release|Any CPU
		{DBB109BB-CE76-4EE0-A464-07FB5484975D}.Release|Any CPU.Build.0 = Release|Any CPU
		{4F5A0159-AD82-4F00-A5B5-435A04ADF778}.Debug|Any CPU.ActiveCfg = Debug|Any CPU
		{4F5A0159-AD82-4F00-A5B5-435A04ADF778}.Debug|Any CPU.Build.0 = Debug|Any CPU
		{4F5A0159-AD82-4F00-A5B5-435A04ADF778}.Release|Any CPU.ActiveCfg = Release|Any CPU
		{4F5A0159-AD82-4F00-A5B5-435A04ADF778}.Release|Any CPU.Build.0 = Release|Any CPU
		{90E1B686-DF49-4E3C-BE4F-611BB1E1E367}.Debug|Any CPU.ActiveCfg = Debug|Any CPU
		{90E1B686-DF49-4E3C-BE4F-611BB1E1E367}.Debug|Any CPU.Build.0 = Debug|Any CPU
		{90E1B686-DF49-4E3C-BE4F-611BB1E1E367}.Release|Any CPU.ActiveCfg = Release|Any CPU
		{90E1B686-DF49-4E3C-BE4F-611BB1E1E367}.Release|Any CPU.Build.0 = Release|Any CPU
		{7B1E68BB-523B-428A-B225-B1A9DBD1B66F}.Debug|Any CPU.ActiveCfg = Debug|Any CPU
		{7B1E68BB-523B-428A-B225-B1A9DBD1B66F}.Debug|Any CPU.Build.0 = Debug|Any CPU
		{7B1E68BB-523B-428A-B225-B1A9DBD1B66F}.Release|Any CPU.ActiveCfg = Release|Any CPU
		{7B1E68BB-523B-428A-B225-B1A9DBD1B66F}.Release|Any CPU.Build.0 = Release|Any CPU
		{81D111C9-B816-45AC-AB44-EA72A40CE55D}.Debug|Any CPU.ActiveCfg = Debug|Any CPU
		{81D111C9-B816-45AC-AB44-EA72A40CE55D}.Debug|Any CPU.Build.0 = Debug|Any CPU
		{81D111C9-B816-45AC-AB44-EA72A40CE55D}.Release|Any CPU.ActiveCfg = Release|Any CPU
		{81D111C9-B816-45AC-AB44-EA72A40CE55D}.Release|Any CPU.Build.0 = Release|Any CPU
		{5B10E5F2-17D6-4732-8F09-F48DE6F90C55}.Debug|Any CPU.ActiveCfg = Debug|Any CPU
		{5B10E5F2-17D6-4732-8F09-F48DE6F90C55}.Debug|Any CPU.Build.0 = Debug|Any CPU
		{5B10E5F2-17D6-4732-8F09-F48DE6F90C55}.Release|Any CPU.ActiveCfg = Release|Any CPU
		{5B10E5F2-17D6-4732-8F09-F48DE6F90C55}.Release|Any CPU.Build.0 = Release|Any CPU
		{841D1A7C-C577-4C59-9962-6B63D1A50B12}.Debug|Any CPU.ActiveCfg = Debug|Any CPU
		{841D1A7C-C577-4C59-9962-6B63D1A50B12}.Debug|Any CPU.Build.0 = Debug|Any CPU
		{841D1A7C-C577-4C59-9962-6B63D1A50B12}.Release|Any CPU.ActiveCfg = Release|Any CPU
		{841D1A7C-C577-4C59-9962-6B63D1A50B12}.Release|Any CPU.Build.0 = Release|Any CPU
		{8AD31C82-A33A-4F4F-8393-41ABCC744745}.Debug|Any CPU.ActiveCfg = Debug|Any CPU
		{8AD31C82-A33A-4F4F-8393-41ABCC744745}.Debug|Any CPU.Build.0 = Debug|Any CPU
		{8AD31C82-A33A-4F4F-8393-41ABCC744745}.Release|Any CPU.ActiveCfg = Release|Any CPU
		{8AD31C82-A33A-4F4F-8393-41ABCC744745}.Release|Any CPU.Build.0 = Release|Any CPU
		{B38D7B6A-E8FF-4930-ABBC-0B842CA65AC6}.Debug|Any CPU.ActiveCfg = Debug|Any CPU
		{B38D7B6A-E8FF-4930-ABBC-0B842CA65AC6}.Debug|Any CPU.Build.0 = Debug|Any CPU
		{B38D7B6A-E8FF-4930-ABBC-0B842CA65AC6}.Release|Any CPU.ActiveCfg = Release|Any CPU
		{B38D7B6A-E8FF-4930-ABBC-0B842CA65AC6}.Release|Any CPU.Build.0 = Release|Any CPU
		{F68225FB-37C0-4EBB-A763-76044DE03AED}.Debug|Any CPU.ActiveCfg = Debug|Any CPU
		{F68225FB-37C0-4EBB-A763-76044DE03AED}.Debug|Any CPU.Build.0 = Debug|Any CPU
		{F68225FB-37C0-4EBB-A763-76044DE03AED}.Release|Any CPU.ActiveCfg = Release|Any CPU
		{F68225FB-37C0-4EBB-A763-76044DE03AED}.Release|Any CPU.Build.0 = Release|Any CPU
		{B17FE3A1-163C-45E0-B527-D5DB0AE4A0FA}.Debug|Any CPU.ActiveCfg = Debug|Any CPU
		{B17FE3A1-163C-45E0-B527-D5DB0AE4A0FA}.Debug|Any CPU.Build.0 = Debug|Any CPU
		{B17FE3A1-163C-45E0-B527-D5DB0AE4A0FA}.Release|Any CPU.ActiveCfg = Release|Any CPU
		{B17FE3A1-163C-45E0-B527-D5DB0AE4A0FA}.Release|Any CPU.Build.0 = Release|Any CPU
		{1361F544-BB33-442B-82C4-057394AD2ED8}.Debug|Any CPU.ActiveCfg = Debug|Any CPU
		{1361F544-BB33-442B-82C4-057394AD2ED8}.Debug|Any CPU.Build.0 = Debug|Any CPU
		{1361F544-BB33-442B-82C4-057394AD2ED8}.Release|Any CPU.ActiveCfg = Release|Any CPU
		{1361F544-BB33-442B-82C4-057394AD2ED8}.Release|Any CPU.Build.0 = Release|Any CPU
	EndGlobalSection
	GlobalSection(SolutionProperties) = preSolution
		HideSolutionNode = FALSE
	EndGlobalSection
EndGlobal
