
Microsoft Visual Studio Solution File, Format Version 12.00
# Visual Studio 2013
VisualStudioVersion = 12.0.40629.0
MinimumVisualStudioVersion = 10.0.40219.1
Project("{FAE04EC0-301F-11D3-BF4B-00C04F79EFBC}") = "1.SimpleFactory", "SimpleFactory\1.SimpleFactory.csproj", "{4EF3A3A1-F4BA-4717-B98B-AB0C276EC6EE}"
EndProject
Project("{FAE04EC0-301F-11D3-BF4B-00C04F79EFBC}") = "2.Strategy", "Strategy\2.Strategy.csproj", "{29FD86F5-250A-4422-83D6-86C4B3A7BDE8}"
EndProject
Project("{FAE04EC0-301F-11D3-BF4B-00C04F79EFBC}") = "3.Decorator", "Decorator\3.Decorator.csproj", "{9BDBCE3E-DD20-4B35-A924-4AD4BDACCC7B}"
EndProject
Project("{FAE04EC0-301F-11D3-BF4B-00C04F79EFBC}") = "4.Proxy", "Proxy\4.Proxy.csproj", "{266A74FD-F54C-44BE-8E4C-17D76FF0A296}"
EndProject
Project("{FAE04EC0-301F-11D3-BF4B-00C04F79EFBC}") = "5.FactoryMethod", "FactoryMethod\5.FactoryMethod.csproj", "{F0C48D48-BB1B-4840-956F-29FFC0C3AE70}"
EndProject
Project("{FAE04EC0-301F-11D3-BF4B-00C04F79EFBC}") = "6.Prototype", "Prototype\6.Prototype.csproj", "{8D78CE1B-93D2-4B8A-97E4-60802CE24EE8}"
EndProject
Project("{FAE04EC0-301F-11D3-BF4B-00C04F79EFBC}") = "7.TemplateMethod", "TemplateMethod\7.TemplateMethod.csproj", "{4B0E65E8-A73F-4046-B93F-A1121D9E52DB}"
EndProject
Project("{FAE04EC0-301F-11D3-BF4B-00C04F79EFBC}") = "8.Facade", "Facade\8.Facade.csproj", "{BF6353E8-15F2-43B1-9121-0F261FFA39A9}"
EndProject
Project("{FAE04EC0-301F-11D3-BF4B-00C04F79EFBC}") = "9.Builder", "Builder\9.Builder.csproj", "{641BC7D1-C308-4534-8343-F87672B2E2E3}"
EndProject
Project("{FAE04EC0-301F-11D3-BF4B-00C04F79EFBC}") = "10.Observer", "Observer\10.Observer.csproj", "{864F7895-1E72-4595-A207-4F5303434217}"
EndProject
Global
	GlobalSection(SolutionConfigurationPlatforms) = preSolution
		Debug|Any CPU = Debug|Any CPU
		Release|Any CPU = Release|Any CPU
	EndGlobalSection
	GlobalSection(ProjectConfigurationPlatforms) = postSolution
		{4EF3A3A1-F4BA-4717-B98B-AB0C276EC6EE}.Debug|Any CPU.ActiveCfg = Debug|Any CPU
		{4EF3A3A1-F4BA-4717-B98B-AB0C276EC6EE}.Debug|Any CPU.Build.0 = Debug|Any CPU
		{4EF3A3A1-F4BA-4717-B98B-AB0C276EC6EE}.Release|Any CPU.ActiveCfg = Release|Any CPU
		{4EF3A3A1-F4BA-4717-B98B-AB0C276EC6EE}.Release|Any CPU.Build.0 = Release|Any CPU
		{29FD86F5-250A-4422-83D6-86C4B3A7BDE8}.Debug|Any CPU.ActiveCfg = Debug|Any CPU
		{29FD86F5-250A-4422-83D6-86C4B3A7BDE8}.Debug|Any CPU.Build.0 = Debug|Any CPU
		{29FD86F5-250A-4422-83D6-86C4B3A7BDE8}.Release|Any CPU.ActiveCfg = Release|Any CPU
		{29FD86F5-250A-4422-83D6-86C4B3A7BDE8}.Release|Any CPU.Build.0 = Release|Any CPU
		{9BDBCE3E-DD20-4B35-A924-4AD4BDACCC7B}.Debug|Any CPU.ActiveCfg = Debug|Any CPU
		{9BDBCE3E-DD20-4B35-A924-4AD4BDACCC7B}.Debug|Any CPU.Build.0 = Debug|Any CPU
		{9BDBCE3E-DD20-4B35-A924-4AD4BDACCC7B}.Release|Any CPU.ActiveCfg = Release|Any CPU
		{9BDBCE3E-DD20-4B35-A924-4AD4BDACCC7B}.Release|Any CPU.Build.0 = Release|Any CPU
		{266A74FD-F54C-44BE-8E4C-17D76FF0A296}.Debug|Any CPU.ActiveCfg = Debug|Any CPU
		{266A74FD-F54C-44BE-8E4C-17D76FF0A296}.Debug|Any CPU.Build.0 = Debug|Any CPU
		{266A74FD-F54C-44BE-8E4C-17D76FF0A296}.Release|Any CPU.ActiveCfg = Release|Any CPU
		{266A74FD-F54C-44BE-8E4C-17D76FF0A296}.Release|Any CPU.Build.0 = Release|Any CPU
		{F0C48D48-BB1B-4840-956F-29FFC0C3AE70}.Debug|Any CPU.ActiveCfg = Debug|Any CPU
		{F0C48D48-BB1B-4840-956F-29FFC0C3AE70}.Debug|Any CPU.Build.0 = Debug|Any CPU
		{F0C48D48-BB1B-4840-956F-29FFC0C3AE70}.Release|Any CPU.ActiveCfg = Release|Any CPU
		{F0C48D48-BB1B-4840-956F-29FFC0C3AE70}.Release|Any CPU.Build.0 = Release|Any CPU
		{8D78CE1B-93D2-4B8A-97E4-60802CE24EE8}.Debug|Any CPU.ActiveCfg = Debug|Any CPU
		{8D78CE1B-93D2-4B8A-97E4-60802CE24EE8}.Debug|Any CPU.Build.0 = Debug|Any CPU
		{8D78CE1B-93D2-4B8A-97E4-60802CE24EE8}.Release|Any CPU.ActiveCfg = Release|Any CPU
		{8D78CE1B-93D2-4B8A-97E4-60802CE24EE8}.Release|Any CPU.Build.0 = Release|Any CPU
		{4B0E65E8-A73F-4046-B93F-A1121D9E52DB}.Debug|Any CPU.ActiveCfg = Debug|Any CPU
		{4B0E65E8-A73F-4046-B93F-A1121D9E52DB}.Debug|Any CPU.Build.0 = Debug|Any CPU
		{4B0E65E8-A73F-4046-B93F-A1121D9E52DB}.Release|Any CPU.ActiveCfg = Release|Any CPU
		{4B0E65E8-A73F-4046-B93F-A1121D9E52DB}.Release|Any CPU.Build.0 = Release|Any CPU
		{BF6353E8-15F2-43B1-9121-0F261FFA39A9}.Debug|Any CPU.ActiveCfg = Debug|Any CPU
		{BF6353E8-15F2-43B1-9121-0F261FFA39A9}.Debug|Any CPU.Build.0 = Debug|Any CPU
		{BF6353E8-15F2-43B1-9121-0F261FFA39A9}.Release|Any CPU.ActiveCfg = Release|Any CPU
		{BF6353E8-15F2-43B1-9121-0F261FFA39A9}.Release|Any CPU.Build.0 = Release|Any CPU
		{641BC7D1-C308-4534-8343-F87672B2E2E3}.Debug|Any CPU.ActiveCfg = Debug|Any CPU
		{641BC7D1-C308-4534-8343-F87672B2E2E3}.Debug|Any CPU.Build.0 = Debug|Any CPU
		{641BC7D1-C308-4534-8343-F87672B2E2E3}.Release|Any CPU.ActiveCfg = Release|Any CPU
		{641BC7D1-C308-4534-8343-F87672B2E2E3}.Release|Any CPU.Build.0 = Release|Any CPU
		{864F7895-1E72-4595-A207-4F5303434217}.Debug|Any CPU.ActiveCfg = Debug|Any CPU
		{864F7895-1E72-4595-A207-4F5303434217}.Debug|Any CPU.Build.0 = Debug|Any CPU
		{864F7895-1E72-4595-A207-4F5303434217}.Release|Any CPU.ActiveCfg = Release|Any CPU
		{864F7895-1E72-4595-A207-4F5303434217}.Release|Any CPU.Build.0 = Release|Any CPU
	EndGlobalSection
	GlobalSection(SolutionProperties) = preSolution
		HideSolutionNode = FALSE
	EndGlobalSection
EndGlobal
